
Microsoft Visual Studio Solution File, Format Version 12.00
# Visual Studio Version 17
VisualStudioVersion = 17.11.35312.102
MinimumVisualStudioVersion = 10.0.40219.1
Project("{8BC9CEB8-8B4A-11D0-8D11-00A0C91BC942}") = "Project1", "Project1\Project1.vcxproj", "{B194163D-1C6C-487D-993E-848C4B509F70}"
EndProject
Global
	GlobalSection(SolutionConfigurationPlatforms) = preSolution
		Debug|x64 = Debug|x64
		Debug|x86 = Debug|x86
		Release|x64 = Release|x64
		Release|x86 = Release|x86
	EndGlobalSection
	GlobalSection(ProjectConfigurationPlatforms) = postSolution
		{B194163D-1C6C-487D-993E-848C4B509F70}.Debug|x64.ActiveCfg = Debug|x64
		{B194163D-1C6C-487D-993E-848C4B509F70}.Debug|x64.Build.0 = Debug|x64
		{B194163D-1C6C-487D-993E-848C4B509F70}.Debug|x86.ActiveCfg = Debug|Win32
		{B194163D-1C6C-487D-993E-848C4B509F70}.Debug|x86.Build.0 = Debug|Win32
		{B194163D-1C6C-487D-993E-848C4B509F70}.Release|x64.ActiveCfg = Release|x64
		{B194163D-1C6C-487D-993E-848C4B509F70}.Release|x64.Build.0 = Release|x64
		{B194163D-1C6C-487D-993E-848C4B509F70}.Release|x86.ActiveCfg = Release|Win32
		{B194163D-1C6C-487D-993E-848C4B509F70}.Release|x86.Build.0 = Release|Win32
	EndGlobalSection
	GlobalSection(SolutionProperties) = preSolution
		HideSolutionNode = FALSE
	EndGlobalSection
	GlobalSection(ExtensibilityGlobals) = postSolution
		SolutionGuid = {F3B2C633-0B3B-4710-AA56-7D7DBBB88BB2}
	EndGlobalSection
EndGlobal
